
Microsoft Visual Studio Solution File, Format Version 12.00
# Visual Studio 15
VisualStudioVersion = 15.0.28307.757
MinimumVisualStudioVersion = 10.0.40219.1
Project("{FAE04EC0-301F-11D3-BF4B-00C04F79EFBC}") = "HorarioVeraoAuto", "HorarioVeraoAuto\HorarioVeraoAuto.csproj", "{183EE43A-118B-4FE0-A5C5-0DFB2E4D12F7}"
EndProject
Global
	GlobalSection(SolutionConfigurationPlatforms) = preSolution
		Debug|Any CPU = Debug|Any CPU
		Release|Any CPU = Release|Any CPU
	EndGlobalSection
	GlobalSection(ProjectConfigurationPlatforms) = postSolution
		{183EE43A-118B-4FE0-A5C5-0DFB2E4D12F7}.Debug|Any CPU.ActiveCfg = Debug|Any CPU
		{183EE43A-118B-4FE0-A5C5-0DFB2E4D12F7}.Debug|Any CPU.Build.0 = Debug|Any CPU
		{183EE43A-118B-4FE0-A5C5-0DFB2E4D12F7}.Release|Any CPU.ActiveCfg = Release|Any CPU
		{183EE43A-118B-4FE0-A5C5-0DFB2E4D12F7}.Release|Any CPU.Build.0 = Release|Any CPU
	EndGlobalSection
	GlobalSection(SolutionProperties) = preSolution
		HideSolutionNode = FALSE
	EndGlobalSection
	GlobalSection(ExtensibilityGlobals) = postSolution
		SolutionGuid = {6355AE5B-62B3-4E98-99C3-A5AC3CB0062E}
	EndGlobalSection
EndGlobal
